{
  "name": "gitcognito",
  "version": "1.0.0",
  "lockfileVersion": 1,
  "requires": true,
  "dependencies": {
    "lazy-unicode": {
      "version": "1.0.9",
      "resolved": "https://registry.npmjs.org/lazy-unicode/-/lazy-unicode-1.0.9.tgz",
      "integrity": "sha1-i09Ji2b+PPCLhVb3GABXmUxKGIA="
    },
    "lz-string": {
      "version": "1.4.4",
      "resolved": "https://registry.npmjs.org/lz-string/-/lz-string-1.4.4.tgz",
      "integrity": "sha1-wNjq82BZ9wV5bh40SBHPTEmNOiY="
    },
    "minimist": {
      "version": "1.2.0",
      "resolved": "http://registry.npmjs.org/minimist/-/minimist-1.2.0.tgz",
      "integrity": "sha1-o1AIsg9BOD7sH7kU9M1d95omQoQ="
    },
    "mkdirp": {
      "version": "0.5.1",
      "resolved": "http://registry.npmjs.org/mkdirp/-/mkdirp-0.5.1.tgz",
      "integrity": "sha1-MAV0OOrGz3+MR2fzhkjWaX11yQM=",
      "requires": {
        "minimist": "0.0.8"
      },
      "dependencies": {
        "minimist": {
          "version": "0.0.8",
          "resolved": "http://registry.npmjs.org/minimist/-/minimist-0.0.8.tgz",
          "integrity": "sha1-hX/Kv8M5fSYluCKCYuhqp6ARsF0="
        }
      }
    },
    "nan": {
      "version": "2.11.1",
      "resolved": "https://registry.npmjs.org/nan/-/nan-2.11.1.tgz",
      "integrity": "sha512-iji6k87OSXa0CcrLl9z+ZiYSuR2o+c0bGuNmXdrhTQTakxytAFsC56SArGYoiHlJlFoHSnvmhpceZJaXkVuOtA==",
      "optional": true
    },
    "node-gyp-build": {
      "version": "3.5.0",
      "resolved": "https://registry.npmjs.org/node-gyp-build/-/node-gyp-build-3.5.0.tgz",
      "integrity": "sha512-qjEE8eIWVyqZhkAFUzytGpOGvLHeX5kXBB6MYyTOCPZBrBlsLyXAAzTsp/hWMbVlg8kVpzDJCZZowIrnKpwmqQ==",
      "optional": true
    },
    "scmp": {
      "version": "2.0.0",
      "resolved": "https://registry.npmjs.org/scmp/-/scmp-2.0.0.tgz",
      "integrity": "sha1-JHEQ7yLM+JexOj8KvdtSeCOTzWo="
    },
    "simple-encryptor": {
      "version": "2.0.0",
      "resolved": "https://registry.npmjs.org/simple-encryptor/-/simple-encryptor-2.0.0.tgz",
      "integrity": "sha512-dqjQbp9RwfMrE+my/7Pgz9viIsHmY3aQtybGJQkv2sL79YuDGmkxUjlmEBFGP6bcUjBRnSvqsBAcv1ro0Y4/5A==",
      "requires": {
        "scmp": "2.0.0"
      }
    },
    "sodium-encryption": {
      "version": "1.2.3",
      "resolved": "https://registry.npmjs.org/sodium-encryption/-/sodium-encryption-1.2.3.tgz",
      "integrity": "sha1-62nOKDhnlgkw1lJupYAMfgSokG4=",
      "requires": {
        "sodium-native": "^1.5.1",
        "tweetnacl": "^0.14.3"
      }
    },
    "sodium-native": {
      "version": "1.10.3",
      "resolved": "https://registry.npmjs.org/sodium-native/-/sodium-native-1.10.3.tgz",
      "integrity": "sha512-FIeYaG5cc0YZjsAaWP/BCXDNO2xusbtDJbCbEvXrf6/6+dRo/8XCiEG0kwlRcR0wr56sgsZ327BId3ifFe2WYw==",
      "optional": true,
      "requires": {
        "nan": "^2.4.0",
        "node-gyp-build": "^3.0.0"
      }
    },
    "tweetnacl": {
      "version": "0.14.5",
      "resolved": "https://registry.npmjs.org/tweetnacl/-/tweetnacl-0.14.5.tgz",
      "integrity": "sha1-WuaBd/GS1EViadEIr6k/+HQ/T2Q="
    },
    "zany": {
      "version": "1.0.6",
      "resolved": "https://registry.npmjs.org/zany/-/zany-1.0.6.tgz",
      "integrity": "sha1-sFGw7+/CfsEDcW3CegaIOPNFqS8=",
      "requires": {
        "lazy-unicode": "^1.0.5",
        "lz-string": "^1.4.4"
      }
    }
  }
}
